
Microsoft Visual Studio Solution File, Format Version 12.00
Project("{FAE04EC0-301F-11D3-BF4B-00C04F79EFBC}") = "Pt1C1", "Pt1C1\Pt1C1.csproj", "{A72A5F51-4405-4045-9634-44F6A53C64DF}"
EndProject
Project("{FAE04EC0-301F-11D3-BF4B-00C04F79EFBC}") = "Pt1C2", "Pt1C2\Pt1C2.csproj", "{D453A7C8-87A4-4C6B-8723-AB16701DB7CB}"
EndProject
Project("{FAE04EC0-301F-11D3-BF4B-00C04F79EFBC}") = "Pt2Assignment3", "Pt2Assignment3\Pt2Assignment3.csproj", "{5986F6C7-8552-428E-9E7B-0E01609CC787}"
EndProject
Project("{FAE04EC0-301F-11D3-BF4B-00C04F79EFBC}") = "Pt2Assignment1", "Pt2Assignment1\Pt2Assignment1.csproj", "{DEE204BF-F1E6-4801-896A-CBDC990920C4}"
EndProject
Project("{FAE04EC0-301F-11D3-BF4B-00C04F79EFBC}") = "Pt2Assignment2", "Pt2Assignment2\Pt2Assignment2.csproj", "{F85DE73C-6287-4017-A6A7-F1B9C550F003}"
EndProject
Project("{FAE04EC0-301F-11D3-BF4B-00C04F79EFBC}") = "Pt2Assignment4", "Pt2Assignment4\Pt2Assignment4.csproj", "{99F5E65B-D37B-490E-A0FA-22E9DC37F4EC}"
EndProject
Project("{FAE04EC0-301F-11D3-BF4B-00C04F79EFBC}") = "Pt2Assignment5", "Pt2Assignment5\Pt2Assignment5.csproj", "{C037A434-E357-4DB0-BFFB-C3AD6C51F164}"
EndProject
Project("{FAE04EC0-301F-11D3-BF4B-00C04F79EFBC}") = "Pt2Assignment6", "Pt2Assignment6\Pt2Assignment6.csproj", "{4EAB1BAF-A934-4BC3-BD4B-B0B7DA130C08}"
EndProject
Project("{FAE04EC0-301F-11D3-BF4B-00C04F79EFBC}") = "Pt3Assignment1", "Pt3Assignment1\Pt3Assignment1.csproj", "{758A9E95-81CA-4856-B871-6034E3EC7627}"
EndProject
Project("{FAE04EC0-301F-11D3-BF4B-00C04F79EFBC}") = "Pt3Assignment2", "Pt3Assignment2\Pt3Assignment2.csproj", "{4296C96A-2C7D-4AE9-9D0D-CD6BD6AB6E56}"
EndProject
Global
	GlobalSection(SolutionConfigurationPlatforms) = preSolution
		Debug|Any CPU = Debug|Any CPU
		Release|Any CPU = Release|Any CPU
	EndGlobalSection
	GlobalSection(ProjectConfigurationPlatforms) = postSolution
		{A72A5F51-4405-4045-9634-44F6A53C64DF}.Debug|Any CPU.ActiveCfg = Debug|Any CPU
		{A72A5F51-4405-4045-9634-44F6A53C64DF}.Debug|Any CPU.Build.0 = Debug|Any CPU
		{A72A5F51-4405-4045-9634-44F6A53C64DF}.Release|Any CPU.ActiveCfg = Release|Any CPU
		{A72A5F51-4405-4045-9634-44F6A53C64DF}.Release|Any CPU.Build.0 = Release|Any CPU
		{D453A7C8-87A4-4C6B-8723-AB16701DB7CB}.Debug|Any CPU.ActiveCfg = Debug|Any CPU
		{D453A7C8-87A4-4C6B-8723-AB16701DB7CB}.Debug|Any CPU.Build.0 = Debug|Any CPU
		{D453A7C8-87A4-4C6B-8723-AB16701DB7CB}.Release|Any CPU.ActiveCfg = Release|Any CPU
		{D453A7C8-87A4-4C6B-8723-AB16701DB7CB}.Release|Any CPU.Build.0 = Release|Any CPU
		{5986F6C7-8552-428E-9E7B-0E01609CC787}.Debug|Any CPU.ActiveCfg = Debug|Any CPU
		{5986F6C7-8552-428E-9E7B-0E01609CC787}.Debug|Any CPU.Build.0 = Debug|Any CPU
		{5986F6C7-8552-428E-9E7B-0E01609CC787}.Release|Any CPU.ActiveCfg = Release|Any CPU
		{5986F6C7-8552-428E-9E7B-0E01609CC787}.Release|Any CPU.Build.0 = Release|Any CPU
		{DEE204BF-F1E6-4801-896A-CBDC990920C4}.Debug|Any CPU.ActiveCfg = Debug|Any CPU
		{DEE204BF-F1E6-4801-896A-CBDC990920C4}.Debug|Any CPU.Build.0 = Debug|Any CPU
		{DEE204BF-F1E6-4801-896A-CBDC990920C4}.Release|Any CPU.ActiveCfg = Release|Any CPU
		{DEE204BF-F1E6-4801-896A-CBDC990920C4}.Release|Any CPU.Build.0 = Release|Any CPU
		{F85DE73C-6287-4017-A6A7-F1B9C550F003}.Debug|Any CPU.ActiveCfg = Debug|Any CPU
		{F85DE73C-6287-4017-A6A7-F1B9C550F003}.Debug|Any CPU.Build.0 = Debug|Any CPU
		{F85DE73C-6287-4017-A6A7-F1B9C550F003}.Release|Any CPU.ActiveCfg = Release|Any CPU
		{F85DE73C-6287-4017-A6A7-F1B9C550F003}.Release|Any CPU.Build.0 = Release|Any CPU
		{99F5E65B-D37B-490E-A0FA-22E9DC37F4EC}.Debug|Any CPU.ActiveCfg = Debug|Any CPU
		{99F5E65B-D37B-490E-A0FA-22E9DC37F4EC}.Debug|Any CPU.Build.0 = Debug|Any CPU
		{99F5E65B-D37B-490E-A0FA-22E9DC37F4EC}.Release|Any CPU.ActiveCfg = Release|Any CPU
		{99F5E65B-D37B-490E-A0FA-22E9DC37F4EC}.Release|Any CPU.Build.0 = Release|Any CPU
		{C037A434-E357-4DB0-BFFB-C3AD6C51F164}.Debug|Any CPU.ActiveCfg = Debug|Any CPU
		{C037A434-E357-4DB0-BFFB-C3AD6C51F164}.Debug|Any CPU.Build.0 = Debug|Any CPU
		{C037A434-E357-4DB0-BFFB-C3AD6C51F164}.Release|Any CPU.ActiveCfg = Release|Any CPU
		{C037A434-E357-4DB0-BFFB-C3AD6C51F164}.Release|Any CPU.Build.0 = Release|Any CPU
		{4EAB1BAF-A934-4BC3-BD4B-B0B7DA130C08}.Debug|Any CPU.ActiveCfg = Debug|Any CPU
		{4EAB1BAF-A934-4BC3-BD4B-B0B7DA130C08}.Debug|Any CPU.Build.0 = Debug|Any CPU
		{4EAB1BAF-A934-4BC3-BD4B-B0B7DA130C08}.Release|Any CPU.ActiveCfg = Release|Any CPU
		{4EAB1BAF-A934-4BC3-BD4B-B0B7DA130C08}.Release|Any CPU.Build.0 = Release|Any CPU
		{758A9E95-81CA-4856-B871-6034E3EC7627}.Debug|Any CPU.ActiveCfg = Debug|Any CPU
		{758A9E95-81CA-4856-B871-6034E3EC7627}.Debug|Any CPU.Build.0 = Debug|Any CPU
		{758A9E95-81CA-4856-B871-6034E3EC7627}.Release|Any CPU.ActiveCfg = Release|Any CPU
		{758A9E95-81CA-4856-B871-6034E3EC7627}.Release|Any CPU.Build.0 = Release|Any CPU
		{4296C96A-2C7D-4AE9-9D0D-CD6BD6AB6E56}.Debug|Any CPU.ActiveCfg = Debug|Any CPU
		{4296C96A-2C7D-4AE9-9D0D-CD6BD6AB6E56}.Debug|Any CPU.Build.0 = Debug|Any CPU
		{4296C96A-2C7D-4AE9-9D0D-CD6BD6AB6E56}.Release|Any CPU.ActiveCfg = Release|Any CPU
		{4296C96A-2C7D-4AE9-9D0D-CD6BD6AB6E56}.Release|Any CPU.Build.0 = Release|Any CPU
	EndGlobalSection
EndGlobal
